
Microsoft Visual Studio Solution File, Format Version 11.00
# Visual Studio 2010
Project("{FAE04EC0-301F-11D3-BF4B-00C04F79EFBC}") = "BlueFox.Net", "BlueFox.Net\BlueFox.Net.csproj", "{7C7EF5FF-985F-4294-8537-564D2331648A}"
EndProject
Project("{2150E333-8FDC-42A3-9474-1A3956D46DE8}") = "Framework", "Framework", "{78CEECB0-4B4A-4087-8C94-E661138129D4}"
EndProject
Project("{2150E333-8FDC-42A3-9474-1A3956D46DE8}") = "Module", "Module", "{481147E8-FDD8-4DE0-B018-8E074EC86C82}"
EndProject
Project("{FAE04EC0-301F-11D3-BF4B-00C04F79EFBC}") = "BlueFox.Object", "BlueFox.Object\BlueFox.Object.csproj", "{15C90C44-7FCC-4AD3-8D9B-FDDF4520989C}"
EndProject
Project("{FAE04EC0-301F-11D3-BF4B-00C04F79EFBC}") = "BlueFox.Holder", "BlueFox.Holder\BlueFox.Holder.csproj", "{43B89ACD-7EF8-4390-884F-3841C480F8EE}"
EndProject
Project("{FAE04EC0-301F-11D3-BF4B-00C04F79EFBC}") = "BlueFox.Pool", "BlueFox.Pool\BlueFox.Pool.csproj", "{EA44DCC2-4280-497B-A792-A33EE2255257}"
EndProject
Project("{FAE04EC0-301F-11D3-BF4B-00C04F79EFBC}") = "BlueFox.Log", "BlueFox.Log\BlueFox.Log.csproj", "{1C5EA54B-9F15-4E47-87ED-27F5239733C0}"
EndProject
Project("{FAE04EC0-301F-11D3-BF4B-00C04F79EFBC}") = "BlueFox.Time", "BlueFox.Time\BlueFox.Time.csproj", "{D4584830-46EF-47A5-A1CF-8E8215B689F5}"
EndProject
Project("{FAE04EC0-301F-11D3-BF4B-00C04F79EFBC}") = "BlueFox.Map", "BlueFox.Map\BlueFox.Map.csproj", "{7787BE7E-979B-4D99-9D5A-520AD0E6D867}"
EndProject
Project("{FAE04EC0-301F-11D3-BF4B-00C04F79EFBC}") = "BlueFox.Resource", "BlueFox.Resource\BlueFox.Resource.csproj", "{2DCC1BD4-FC29-4BA4-8D87-DDF4E2F1931D}"
EndProject
Project("{FAE04EC0-301F-11D3-BF4B-00C04F79EFBC}") = "BlueFox.Common", "BlueFox.Common\BlueFox.Common.csproj", "{395F0343-E02C-4197-9278-B79A96C280A8}"
EndProject
Project("{FAE04EC0-301F-11D3-BF4B-00C04F79EFBC}") = "BlueFox.Mathematics", "BlueFox.Mathematics\BlueFox.Mathematics.csproj", "{948976F5-9FBC-4635-8F24-BA8916BC3487}"
EndProject
Project("{2150E333-8FDC-42A3-9474-1A3956D46DE8}") = "Test", "Test", "{0CC4E2C2-2651-4320-BD89-E5D7540AA17C}"
EndProject
Project("{FAE04EC0-301F-11D3-BF4B-00C04F79EFBC}") = "PoolServer", "PoolServer\PoolServer.csproj", "{39F1E0F9-828B-4A70-BE11-6CF552E6C382}"
EndProject
Project("{FAE04EC0-301F-11D3-BF4B-00C04F79EFBC}") = "Client", "Client\Client.csproj", "{7C0C53A6-3EFE-490C-AC94-FCB39C15FBA9}"
EndProject
Global
	GlobalSection(SolutionConfigurationPlatforms) = preSolution
		Debug|Any CPU = Debug|Any CPU
		Debug|Mixed Platforms = Debug|Mixed Platforms
		Debug|x86 = Debug|x86
		Release|Any CPU = Release|Any CPU
		Release|Mixed Platforms = Release|Mixed Platforms
		Release|x86 = Release|x86
		Release-Signed|Any CPU = Release-Signed|Any CPU
		Release-Signed|Mixed Platforms = Release-Signed|Mixed Platforms
		Release-Signed|x86 = Release-Signed|x86
	EndGlobalSection
	GlobalSection(ProjectConfigurationPlatforms) = postSolution
		{7C7EF5FF-985F-4294-8537-564D2331648A}.Debug|Any CPU.ActiveCfg = Debug|Any CPU
		{7C7EF5FF-985F-4294-8537-564D2331648A}.Debug|Any CPU.Build.0 = Debug|Any CPU
		{7C7EF5FF-985F-4294-8537-564D2331648A}.Debug|Mixed Platforms.ActiveCfg = Debug|Any CPU
		{7C7EF5FF-985F-4294-8537-564D2331648A}.Debug|Mixed Platforms.Build.0 = Debug|Any CPU
		{7C7EF5FF-985F-4294-8537-564D2331648A}.Debug|x86.ActiveCfg = Debug|Any CPU
		{7C7EF5FF-985F-4294-8537-564D2331648A}.Release|Any CPU.ActiveCfg = Release|Any CPU
		{7C7EF5FF-985F-4294-8537-564D2331648A}.Release|Any CPU.Build.0 = Release|Any CPU
		{7C7EF5FF-985F-4294-8537-564D2331648A}.Release|Mixed Platforms.ActiveCfg = Release|Any CPU
		{7C7EF5FF-985F-4294-8537-564D2331648A}.Release|Mixed Platforms.Build.0 = Release|Any CPU
		{7C7EF5FF-985F-4294-8537-564D2331648A}.Release|x86.ActiveCfg = Release|Any CPU
		{7C7EF5FF-985F-4294-8537-564D2331648A}.Release-Signed|Any CPU.ActiveCfg = Release|Any CPU
		{7C7EF5FF-985F-4294-8537-564D2331648A}.Release-Signed|Any CPU.Build.0 = Release|Any CPU
		{7C7EF5FF-985F-4294-8537-564D2331648A}.Release-Signed|Mixed Platforms.ActiveCfg = Release|Any CPU
		{7C7EF5FF-985F-4294-8537-564D2331648A}.Release-Signed|Mixed Platforms.Build.0 = Release|Any CPU
		{7C7EF5FF-985F-4294-8537-564D2331648A}.Release-Signed|x86.ActiveCfg = Release|Any CPU
		{15C90C44-7FCC-4AD3-8D9B-FDDF4520989C}.Debug|Any CPU.ActiveCfg = Debug|Any CPU
		{15C90C44-7FCC-4AD3-8D9B-FDDF4520989C}.Debug|Any CPU.Build.0 = Debug|Any CPU
		{15C90C44-7FCC-4AD3-8D9B-FDDF4520989C}.Debug|Mixed Platforms.ActiveCfg = Debug|Any CPU
		{15C90C44-7FCC-4AD3-8D9B-FDDF4520989C}.Debug|Mixed Platforms.Build.0 = Debug|Any CPU
		{15C90C44-7FCC-4AD3-8D9B-FDDF4520989C}.Debug|x86.ActiveCfg = Debug|Any CPU
		{15C90C44-7FCC-4AD3-8D9B-FDDF4520989C}.Release|Any CPU.ActiveCfg = Release|Any CPU
		{15C90C44-7FCC-4AD3-8D9B-FDDF4520989C}.Release|Any CPU.Build.0 = Release|Any CPU
		{15C90C44-7FCC-4AD3-8D9B-FDDF4520989C}.Release|Mixed Platforms.ActiveCfg = Release|Any CPU
		{15C90C44-7FCC-4AD3-8D9B-FDDF4520989C}.Release|Mixed Platforms.Build.0 = Release|Any CPU
		{15C90C44-7FCC-4AD3-8D9B-FDDF4520989C}.Release|x86.ActiveCfg = Release|Any CPU
		{15C90C44-7FCC-4AD3-8D9B-FDDF4520989C}.Release-Signed|Any CPU.ActiveCfg = Release|Any CPU
		{15C90C44-7FCC-4AD3-8D9B-FDDF4520989C}.Release-Signed|Any CPU.Build.0 = Release|Any CPU
		{15C90C44-7FCC-4AD3-8D9B-FDDF4520989C}.Release-Signed|Mixed Platforms.ActiveCfg = Release|Any CPU
		{15C90C44-7FCC-4AD3-8D9B-FDDF4520989C}.Release-Signed|Mixed Platforms.Build.0 = Release|Any CPU
		{15C90C44-7FCC-4AD3-8D9B-FDDF4520989C}.Release-Signed|x86.ActiveCfg = Release|Any CPU
		{43B89ACD-7EF8-4390-884F-3841C480F8EE}.Debug|Any CPU.ActiveCfg = Debug|Any CPU
		{43B89ACD-7EF8-4390-884F-3841C480F8EE}.Debug|Any CPU.Build.0 = Debug|Any CPU
		{43B89ACD-7EF8-4390-884F-3841C480F8EE}.Debug|Mixed Platforms.ActiveCfg = Debug|Any CPU
		{43B89ACD-7EF8-4390-884F-3841C480F8EE}.Debug|Mixed Platforms.Build.0 = Debug|Any CPU
		{43B89ACD-7EF8-4390-884F-3841C480F8EE}.Debug|x86.ActiveCfg = Debug|Any CPU
		{43B89ACD-7EF8-4390-884F-3841C480F8EE}.Release|Any CPU.ActiveCfg = Release|Any CPU
		{43B89ACD-7EF8-4390-884F-3841C480F8EE}.Release|Any CPU.Build.0 = Release|Any CPU
		{43B89ACD-7EF8-4390-884F-3841C480F8EE}.Release|Mixed Platforms.ActiveCfg = Release|Any CPU
		{43B89ACD-7EF8-4390-884F-3841C480F8EE}.Release|Mixed Platforms.Build.0 = Release|Any CPU
		{43B89ACD-7EF8-4390-884F-3841C480F8EE}.Release|x86.ActiveCfg = Release|Any CPU
		{43B89ACD-7EF8-4390-884F-3841C480F8EE}.Release-Signed|Any CPU.ActiveCfg = Release|Any CPU
		{43B89ACD-7EF8-4390-884F-3841C480F8EE}.Release-Signed|Any CPU.Build.0 = Release|Any CPU
		{43B89ACD-7EF8-4390-884F-3841C480F8EE}.Release-Signed|Mixed Platforms.ActiveCfg = Release|Any CPU
		{43B89ACD-7EF8-4390-884F-3841C480F8EE}.Release-Signed|Mixed Platforms.Build.0 = Release|Any CPU
		{43B89ACD-7EF8-4390-884F-3841C480F8EE}.Release-Signed|x86.ActiveCfg = Release|Any CPU
		{EA44DCC2-4280-497B-A792-A33EE2255257}.Debug|Any CPU.ActiveCfg = Debug|Any CPU
		{EA44DCC2-4280-497B-A792-A33EE2255257}.Debug|Any CPU.Build.0 = Debug|Any CPU
		{EA44DCC2-4280-497B-A792-A33EE2255257}.Debug|Mixed Platforms.ActiveCfg = Debug|Any CPU
		{EA44DCC2-4280-497B-A792-A33EE2255257}.Debug|Mixed Platforms.Build.0 = Debug|Any CPU
		{EA44DCC2-4280-497B-A792-A33EE2255257}.Debug|x86.ActiveCfg = Debug|Any CPU
		{EA44DCC2-4280-497B-A792-A33EE2255257}.Release|Any CPU.ActiveCfg = Release|Any CPU
		{EA44DCC2-4280-497B-A792-A33EE2255257}.Release|Any CPU.Build.0 = Release|Any CPU
		{EA44DCC2-4280-497B-A792-A33EE2255257}.Release|Mixed Platforms.ActiveCfg = Release|Any CPU
		{EA44DCC2-4280-497B-A792-A33EE2255257}.Release|Mixed Platforms.Build.0 = Release|Any CPU
		{EA44DCC2-4280-497B-A792-A33EE2255257}.Release|x86.ActiveCfg = Release|Any CPU
		{EA44DCC2-4280-497B-A792-A33EE2255257}.Release-Signed|Any CPU.ActiveCfg = Release|Any CPU
		{EA44DCC2-4280-497B-A792-A33EE2255257}.Release-Signed|Any CPU.Build.0 = Release|Any CPU
		{EA44DCC2-4280-497B-A792-A33EE2255257}.Release-Signed|Mixed Platforms.ActiveCfg = Release|Any CPU
		{EA44DCC2-4280-497B-A792-A33EE2255257}.Release-Signed|Mixed Platforms.Build.0 = Release|Any CPU
		{EA44DCC2-4280-497B-A792-A33EE2255257}.Release-Signed|x86.ActiveCfg = Release|Any CPU
		{1C5EA54B-9F15-4E47-87ED-27F5239733C0}.Debug|Any CPU.ActiveCfg = Debug|Any CPU
		{1C5EA54B-9F15-4E47-87ED-27F5239733C0}.Debug|Any CPU.Build.0 = Debug|Any CPU
		{1C5EA54B-9F15-4E47-87ED-27F5239733C0}.Debug|Mixed Platforms.ActiveCfg = Debug|Any CPU
		{1C5EA54B-9F15-4E47-87ED-27F5239733C0}.Debug|Mixed Platforms.Build.0 = Debug|Any CPU
		{1C5EA54B-9F15-4E47-87ED-27F5239733C0}.Debug|x86.ActiveCfg = Debug|Any CPU
		{1C5EA54B-9F15-4E47-87ED-27F5239733C0}.Release|Any CPU.ActiveCfg = Release|Any CPU
		{1C5EA54B-9F15-4E47-87ED-27F5239733C0}.Release|Any CPU.Build.0 = Release|Any CPU
		{1C5EA54B-9F15-4E47-87ED-27F5239733C0}.Release|Mixed Platforms.ActiveCfg = Release|Any CPU
		{1C5EA54B-9F15-4E47-87ED-27F5239733C0}.Release|Mixed Platforms.Build.0 = Release|Any CPU
		{1C5EA54B-9F15-4E47-87ED-27F5239733C0}.Release|x86.ActiveCfg = Release|Any CPU
		{1C5EA54B-9F15-4E47-87ED-27F5239733C0}.Release-Signed|Any CPU.ActiveCfg = Release|Any CPU
		{1C5EA54B-9F15-4E47-87ED-27F5239733C0}.Release-Signed|Any CPU.Build.0 = Release|Any CPU
		{1C5EA54B-9F15-4E47-87ED-27F5239733C0}.Release-Signed|Mixed Platforms.ActiveCfg = Release|Any CPU
		{1C5EA54B-9F15-4E47-87ED-27F5239733C0}.Release-Signed|Mixed Platforms.Build.0 = Release|Any CPU
		{1C5EA54B-9F15-4E47-87ED-27F5239733C0}.Release-Signed|x86.ActiveCfg = Release|Any CPU
		{D4584830-46EF-47A5-A1CF-8E8215B689F5}.Debug|Any CPU.ActiveCfg = Debug|Any CPU
		{D4584830-46EF-47A5-A1CF-8E8215B689F5}.Debug|Any CPU.Build.0 = Debug|Any CPU
		{D4584830-46EF-47A5-A1CF-8E8215B689F5}.Debug|Mixed Platforms.ActiveCfg = Debug|Any CPU
		{D4584830-46EF-47A5-A1CF-8E8215B689F5}.Debug|Mixed Platforms.Build.0 = Debug|Any CPU
		{D4584830-46EF-47A5-A1CF-8E8215B689F5}.Debug|x86.ActiveCfg = Debug|Any CPU
		{D4584830-46EF-47A5-A1CF-8E8215B689F5}.Release|Any CPU.ActiveCfg = Release|Any CPU
		{D4584830-46EF-47A5-A1CF-8E8215B689F5}.Release|Any CPU.Build.0 = Release|Any CPU
		{D4584830-46EF-47A5-A1CF-8E8215B689F5}.Release|Mixed Platforms.ActiveCfg = Release|Any CPU
		{D4584830-46EF-47A5-A1CF-8E8215B689F5}.Release|Mixed Platforms.Build.0 = Release|Any CPU
		{D4584830-46EF-47A5-A1CF-8E8215B689F5}.Release|x86.ActiveCfg = Release|Any CPU
		{D4584830-46EF-47A5-A1CF-8E8215B689F5}.Release-Signed|Any CPU.ActiveCfg = Release|Any CPU
		{D4584830-46EF-47A5-A1CF-8E8215B689F5}.Release-Signed|Any CPU.Build.0 = Release|Any CPU
		{D4584830-46EF-47A5-A1CF-8E8215B689F5}.Release-Signed|Mixed Platforms.ActiveCfg = Release|Any CPU
		{D4584830-46EF-47A5-A1CF-8E8215B689F5}.Release-Signed|Mixed Platforms.Build.0 = Release|Any CPU
		{D4584830-46EF-47A5-A1CF-8E8215B689F5}.Release-Signed|x86.ActiveCfg = Release|Any CPU
		{7787BE7E-979B-4D99-9D5A-520AD0E6D867}.Debug|Any CPU.ActiveCfg = Debug|Any CPU
		{7787BE7E-979B-4D99-9D5A-520AD0E6D867}.Debug|Any CPU.Build.0 = Debug|Any CPU
		{7787BE7E-979B-4D99-9D5A-520AD0E6D867}.Debug|Mixed Platforms.ActiveCfg = Debug|Any CPU
		{7787BE7E-979B-4D99-9D5A-520AD0E6D867}.Debug|Mixed Platforms.Build.0 = Debug|Any CPU
		{7787BE7E-979B-4D99-9D5A-520AD0E6D867}.Debug|x86.ActiveCfg = Debug|Any CPU
		{7787BE7E-979B-4D99-9D5A-520AD0E6D867}.Release|Any CPU.ActiveCfg = Release|Any CPU
		{7787BE7E-979B-4D99-9D5A-520AD0E6D867}.Release|Any CPU.Build.0 = Release|Any CPU
		{7787BE7E-979B-4D99-9D5A-520AD0E6D867}.Release|Mixed Platforms.ActiveCfg = Release|Any CPU
		{7787BE7E-979B-4D99-9D5A-520AD0E6D867}.Release|Mixed Platforms.Build.0 = Release|Any CPU
		{7787BE7E-979B-4D99-9D5A-520AD0E6D867}.Release|x86.ActiveCfg = Release|Any CPU
		{7787BE7E-979B-4D99-9D5A-520AD0E6D867}.Release-Signed|Any CPU.ActiveCfg = Release|Any CPU
		{7787BE7E-979B-4D99-9D5A-520AD0E6D867}.Release-Signed|Any CPU.Build.0 = Release|Any CPU
		{7787BE7E-979B-4D99-9D5A-520AD0E6D867}.Release-Signed|Mixed Platforms.ActiveCfg = Release|Any CPU
		{7787BE7E-979B-4D99-9D5A-520AD0E6D867}.Release-Signed|Mixed Platforms.Build.0 = Release|Any CPU
		{7787BE7E-979B-4D99-9D5A-520AD0E6D867}.Release-Signed|x86.ActiveCfg = Release|Any CPU
		{2DCC1BD4-FC29-4BA4-8D87-DDF4E2F1931D}.Debug|Any CPU.ActiveCfg = Debug|Any CPU
		{2DCC1BD4-FC29-4BA4-8D87-DDF4E2F1931D}.Debug|Any CPU.Build.0 = Debug|Any CPU
		{2DCC1BD4-FC29-4BA4-8D87-DDF4E2F1931D}.Debug|Mixed Platforms.ActiveCfg = Debug|Any CPU
		{2DCC1BD4-FC29-4BA4-8D87-DDF4E2F1931D}.Debug|Mixed Platforms.Build.0 = Debug|Any CPU
		{2DCC1BD4-FC29-4BA4-8D87-DDF4E2F1931D}.Debug|x86.ActiveCfg = Debug|Any CPU
		{2DCC1BD4-FC29-4BA4-8D87-DDF4E2F1931D}.Release|Any CPU.ActiveCfg = Release|Any CPU
		{2DCC1BD4-FC29-4BA4-8D87-DDF4E2F1931D}.Release|Any CPU.Build.0 = Release|Any CPU
		{2DCC1BD4-FC29-4BA4-8D87-DDF4E2F1931D}.Release|Mixed Platforms.ActiveCfg = Release|Any CPU
		{2DCC1BD4-FC29-4BA4-8D87-DDF4E2F1931D}.Release|Mixed Platforms.Build.0 = Release|Any CPU
		{2DCC1BD4-FC29-4BA4-8D87-DDF4E2F1931D}.Release|x86.ActiveCfg = Release|Any CPU
		{2DCC1BD4-FC29-4BA4-8D87-DDF4E2F1931D}.Release-Signed|Any CPU.ActiveCfg = Release|Any CPU
		{2DCC1BD4-FC29-4BA4-8D87-DDF4E2F1931D}.Release-Signed|Any CPU.Build.0 = Release|Any CPU
		{2DCC1BD4-FC29-4BA4-8D87-DDF4E2F1931D}.Release-Signed|Mixed Platforms.ActiveCfg = Release|Any CPU
		{2DCC1BD4-FC29-4BA4-8D87-DDF4E2F1931D}.Release-Signed|Mixed Platforms.Build.0 = Release|Any CPU
		{2DCC1BD4-FC29-4BA4-8D87-DDF4E2F1931D}.Release-Signed|x86.ActiveCfg = Release|Any CPU
		{395F0343-E02C-4197-9278-B79A96C280A8}.Debug|Any CPU.ActiveCfg = Debug|Any CPU
		{395F0343-E02C-4197-9278-B79A96C280A8}.Debug|Any CPU.Build.0 = Debug|Any CPU
		{395F0343-E02C-4197-9278-B79A96C280A8}.Debug|Mixed Platforms.ActiveCfg = Debug|Any CPU
		{395F0343-E02C-4197-9278-B79A96C280A8}.Debug|Mixed Platforms.Build.0 = Debug|Any CPU
		{395F0343-E02C-4197-9278-B79A96C280A8}.Debug|x86.ActiveCfg = Debug|Any CPU
		{395F0343-E02C-4197-9278-B79A96C280A8}.Release|Any CPU.ActiveCfg = Release|Any CPU
		{395F0343-E02C-4197-9278-B79A96C280A8}.Release|Any CPU.Build.0 = Release|Any CPU
		{395F0343-E02C-4197-9278-B79A96C280A8}.Release|Mixed Platforms.ActiveCfg = Release|Any CPU
		{395F0343-E02C-4197-9278-B79A96C280A8}.Release|Mixed Platforms.Build.0 = Release|Any CPU
		{395F0343-E02C-4197-9278-B79A96C280A8}.Release|x86.ActiveCfg = Release|Any CPU
		{395F0343-E02C-4197-9278-B79A96C280A8}.Release-Signed|Any CPU.ActiveCfg = Release|Any CPU
		{395F0343-E02C-4197-9278-B79A96C280A8}.Release-Signed|Any CPU.Build.0 = Release|Any CPU
		{395F0343-E02C-4197-9278-B79A96C280A8}.Release-Signed|Mixed Platforms.ActiveCfg = Release|Any CPU
		{395F0343-E02C-4197-9278-B79A96C280A8}.Release-Signed|Mixed Platforms.Build.0 = Release|Any CPU
		{395F0343-E02C-4197-9278-B79A96C280A8}.Release-Signed|x86.ActiveCfg = Release|Any CPU
		{948976F5-9FBC-4635-8F24-BA8916BC3487}.Debug|Any CPU.ActiveCfg = Debug|Any CPU
		{948976F5-9FBC-4635-8F24-BA8916BC3487}.Debug|Any CPU.Build.0 = Debug|Any CPU
		{948976F5-9FBC-4635-8F24-BA8916BC3487}.Debug|Mixed Platforms.ActiveCfg = Debug|Any CPU
		{948976F5-9FBC-4635-8F24-BA8916BC3487}.Debug|Mixed Platforms.Build.0 = Debug|Any CPU
		{948976F5-9FBC-4635-8F24-BA8916BC3487}.Debug|x86.ActiveCfg = Debug|Any CPU
		{948976F5-9FBC-4635-8F24-BA8916BC3487}.Release|Any CPU.ActiveCfg = Release|Any CPU
		{948976F5-9FBC-4635-8F24-BA8916BC3487}.Release|Any CPU.Build.0 = Release|Any CPU
		{948976F5-9FBC-4635-8F24-BA8916BC3487}.Release|Mixed Platforms.ActiveCfg = Release|Any CPU
		{948976F5-9FBC-4635-8F24-BA8916BC3487}.Release|Mixed Platforms.Build.0 = Release|Any CPU
		{948976F5-9FBC-4635-8F24-BA8916BC3487}.Release|x86.ActiveCfg = Release|Any CPU
		{948976F5-9FBC-4635-8F24-BA8916BC3487}.Release-Signed|Any CPU.ActiveCfg = Release|Any CPU
		{948976F5-9FBC-4635-8F24-BA8916BC3487}.Release-Signed|Any CPU.Build.0 = Release|Any CPU
		{948976F5-9FBC-4635-8F24-BA8916BC3487}.Release-Signed|Mixed Platforms.ActiveCfg = Release|Any CPU
		{948976F5-9FBC-4635-8F24-BA8916BC3487}.Release-Signed|Mixed Platforms.Build.0 = Release|Any CPU
		{948976F5-9FBC-4635-8F24-BA8916BC3487}.Release-Signed|x86.ActiveCfg = Release|Any CPU
		{39F1E0F9-828B-4A70-BE11-6CF552E6C382}.Debug|Any CPU.ActiveCfg = Debug|x86
		{39F1E0F9-828B-4A70-BE11-6CF552E6C382}.Debug|Mixed Platforms.ActiveCfg = Debug|x86
		{39F1E0F9-828B-4A70-BE11-6CF552E6C382}.Debug|Mixed Platforms.Build.0 = Debug|x86
		{39F1E0F9-828B-4A70-BE11-6CF552E6C382}.Debug|x86.ActiveCfg = Debug|x86
		{39F1E0F9-828B-4A70-BE11-6CF552E6C382}.Debug|x86.Build.0 = Debug|x86
		{39F1E0F9-828B-4A70-BE11-6CF552E6C382}.Release|Any CPU.ActiveCfg = Release|x86
		{39F1E0F9-828B-4A70-BE11-6CF552E6C382}.Release|Mixed Platforms.ActiveCfg = Release|x86
		{39F1E0F9-828B-4A70-BE11-6CF552E6C382}.Release|Mixed Platforms.Build.0 = Release|x86
		{39F1E0F9-828B-4A70-BE11-6CF552E6C382}.Release|x86.ActiveCfg = Release|x86
		{39F1E0F9-828B-4A70-BE11-6CF552E6C382}.Release|x86.Build.0 = Release|x86
		{39F1E0F9-828B-4A70-BE11-6CF552E6C382}.Release-Signed|Any CPU.ActiveCfg = Release|x86
		{39F1E0F9-828B-4A70-BE11-6CF552E6C382}.Release-Signed|Mixed Platforms.ActiveCfg = Release|x86
		{39F1E0F9-828B-4A70-BE11-6CF552E6C382}.Release-Signed|Mixed Platforms.Build.0 = Release|x86
		{39F1E0F9-828B-4A70-BE11-6CF552E6C382}.Release-Signed|x86.ActiveCfg = Release|x86
		{39F1E0F9-828B-4A70-BE11-6CF552E6C382}.Release-Signed|x86.Build.0 = Release|x86
		{7C0C53A6-3EFE-490C-AC94-FCB39C15FBA9}.Debug|Any CPU.ActiveCfg = Debug|x86
		{7C0C53A6-3EFE-490C-AC94-FCB39C15FBA9}.Debug|Mixed Platforms.ActiveCfg = Debug|x86
		{7C0C53A6-3EFE-490C-AC94-FCB39C15FBA9}.Debug|Mixed Platforms.Build.0 = Debug|x86
		{7C0C53A6-3EFE-490C-AC94-FCB39C15FBA9}.Debug|x86.ActiveCfg = Debug|x86
		{7C0C53A6-3EFE-490C-AC94-FCB39C15FBA9}.Debug|x86.Build.0 = Debug|x86
		{7C0C53A6-3EFE-490C-AC94-FCB39C15FBA9}.Release|Any CPU.ActiveCfg = Release|x86
		{7C0C53A6-3EFE-490C-AC94-FCB39C15FBA9}.Release|Mixed Platforms.ActiveCfg = Release|x86
		{7C0C53A6-3EFE-490C-AC94-FCB39C15FBA9}.Release|Mixed Platforms.Build.0 = Release|x86
		{7C0C53A6-3EFE-490C-AC94-FCB39C15FBA9}.Release|x86.ActiveCfg = Release|x86
		{7C0C53A6-3EFE-490C-AC94-FCB39C15FBA9}.Release|x86.Build.0 = Release|x86
		{7C0C53A6-3EFE-490C-AC94-FCB39C15FBA9}.Release-Signed|Any CPU.ActiveCfg = Release|x86
		{7C0C53A6-3EFE-490C-AC94-FCB39C15FBA9}.Release-Signed|Mixed Platforms.ActiveCfg = Release|x86
		{7C0C53A6-3EFE-490C-AC94-FCB39C15FBA9}.Release-Signed|Mixed Platforms.Build.0 = Release|x86
		{7C0C53A6-3EFE-490C-AC94-FCB39C15FBA9}.Release-Signed|x86.ActiveCfg = Release|x86
		{7C0C53A6-3EFE-490C-AC94-FCB39C15FBA9}.Release-Signed|x86.Build.0 = Release|x86
	EndGlobalSection
	GlobalSection(SolutionProperties) = preSolution
		HideSolutionNode = FALSE
	EndGlobalSection
	GlobalSection(NestedProjects) = preSolution
		{7C7EF5FF-985F-4294-8537-564D2331648A} = {78CEECB0-4B4A-4087-8C94-E661138129D4}
		{1C5EA54B-9F15-4E47-87ED-27F5239733C0} = {78CEECB0-4B4A-4087-8C94-E661138129D4}
		{D4584830-46EF-47A5-A1CF-8E8215B689F5} = {78CEECB0-4B4A-4087-8C94-E661138129D4}
		{395F0343-E02C-4197-9278-B79A96C280A8} = {78CEECB0-4B4A-4087-8C94-E661138129D4}
		{948976F5-9FBC-4635-8F24-BA8916BC3487} = {78CEECB0-4B4A-4087-8C94-E661138129D4}
		{15C90C44-7FCC-4AD3-8D9B-FDDF4520989C} = {481147E8-FDD8-4DE0-B018-8E074EC86C82}
		{43B89ACD-7EF8-4390-884F-3841C480F8EE} = {481147E8-FDD8-4DE0-B018-8E074EC86C82}
		{EA44DCC2-4280-497B-A792-A33EE2255257} = {481147E8-FDD8-4DE0-B018-8E074EC86C82}
		{7787BE7E-979B-4D99-9D5A-520AD0E6D867} = {481147E8-FDD8-4DE0-B018-8E074EC86C82}
		{2DCC1BD4-FC29-4BA4-8D87-DDF4E2F1931D} = {481147E8-FDD8-4DE0-B018-8E074EC86C82}
		{39F1E0F9-828B-4A70-BE11-6CF552E6C382} = {0CC4E2C2-2651-4320-BD89-E5D7540AA17C}
		{7C0C53A6-3EFE-490C-AC94-FCB39C15FBA9} = {0CC4E2C2-2651-4320-BD89-E5D7540AA17C}
	EndGlobalSection
EndGlobal
